
Microsoft Visual Studio Solution File, Format Version 12.00
# Visual Studio 15
VisualStudioVersion = 15.0.27428.2043
MinimumVisualStudioVersion = 10.0.40219.1
Project("{9A19103F-16F7-4668-BE54-9A1E7A4F7556}") = "01. Phonebook", "01. Phonebook\01. Phonebook.csproj", "{0543E5F2-08C2-4664-917D-B72980DD1391}"
EndProject
Project("{9A19103F-16F7-4668-BE54-9A1E7A4F7556}") = "02. Phonebook Upgrade", "02. Phonebook Upgrade\02. Phonebook Upgrade.csproj", "{F3060933-7C99-4CAD-9F40-A71052877794}"
EndProject
Project("{9A19103F-16F7-4668-BE54-9A1E7A4F7556}") = "03. A Miner Task", "03. A Miner Task\03. A Miner Task.csproj", "{7C9281D6-7B04-42C5-8236-0DD1E0308421}"
EndProject
Project("{FAE04EC0-301F-11D3-BF4B-00C04F79EFBC}") = "04. Fix Emails", "04. Fix Emails\04. Fix Emails.csproj", "{2F3614FA-CE48-4F87-94A5-E618E95BA0F8}"
EndProject
Project("{FAE04EC0-301F-11D3-BF4B-00C04F79EFBC}") = "05. Hands of Cards", "05. Hands of Cards\05. Hands of Cards.csproj", "{58A09EE4-A821-4148-964B-16DDE52F5EAC}"
EndProject
Global
	GlobalSection(SolutionConfigurationPlatforms) = preSolution
		Debug|Any CPU = Debug|Any CPU
		Release|Any CPU = Release|Any CPU
	EndGlobalSection
	GlobalSection(ProjectConfigurationPlatforms) = postSolution
		{0543E5F2-08C2-4664-917D-B72980DD1391}.Debug|Any CPU.ActiveCfg = Debug|Any CPU
		{0543E5F2-08C2-4664-917D-B72980DD1391}.Debug|Any CPU.Build.0 = Debug|Any CPU
		{0543E5F2-08C2-4664-917D-B72980DD1391}.Release|Any CPU.ActiveCfg = Release|Any CPU
		{0543E5F2-08C2-4664-917D-B72980DD1391}.Release|Any CPU.Build.0 = Release|Any CPU
		{F3060933-7C99-4CAD-9F40-A71052877794}.Debug|Any CPU.ActiveCfg = Debug|Any CPU
		{F3060933-7C99-4CAD-9F40-A71052877794}.Debug|Any CPU.Build.0 = Debug|Any CPU
		{F3060933-7C99-4CAD-9F40-A71052877794}.Release|Any CPU.ActiveCfg = Release|Any CPU
		{F3060933-7C99-4CAD-9F40-A71052877794}.Release|Any CPU.Build.0 = Release|Any CPU
		{7C9281D6-7B04-42C5-8236-0DD1E0308421}.Debug|Any CPU.ActiveCfg = Debug|Any CPU
		{7C9281D6-7B04-42C5-8236-0DD1E0308421}.Debug|Any CPU.Build.0 = Debug|Any CPU
		{7C9281D6-7B04-42C5-8236-0DD1E0308421}.Release|Any CPU.ActiveCfg = Release|Any CPU
		{7C9281D6-7B04-42C5-8236-0DD1E0308421}.Release|Any CPU.Build.0 = Release|Any CPU
		{2F3614FA-CE48-4F87-94A5-E618E95BA0F8}.Debug|Any CPU.ActiveCfg = Debug|Any CPU
		{2F3614FA-CE48-4F87-94A5-E618E95BA0F8}.Debug|Any CPU.Build.0 = Debug|Any CPU
		{2F3614FA-CE48-4F87-94A5-E618E95BA0F8}.Release|Any CPU.ActiveCfg = Release|Any CPU
		{2F3614FA-CE48-4F87-94A5-E618E95BA0F8}.Release|Any CPU.Build.0 = Release|Any CPU
		{58A09EE4-A821-4148-964B-16DDE52F5EAC}.Debug|Any CPU.ActiveCfg = Debug|Any CPU
		{58A09EE4-A821-4148-964B-16DDE52F5EAC}.Debug|Any CPU.Build.0 = Debug|Any CPU
		{58A09EE4-A821-4148-964B-16DDE52F5EAC}.Release|Any CPU.ActiveCfg = Release|Any CPU
		{58A09EE4-A821-4148-964B-16DDE52F5EAC}.Release|Any CPU.Build.0 = Release|Any CPU
	EndGlobalSection
	GlobalSection(SolutionProperties) = preSolution
		HideSolutionNode = FALSE
	EndGlobalSection
	GlobalSection(ExtensibilityGlobals) = postSolution
		SolutionGuid = {91A8D018-81A7-4396-AA25-A6E1D43C5A77}
	EndGlobalSection
EndGlobal
