
Microsoft Visual Studio Solution File, Format Version 12.00
# Visual Studio 15
VisualStudioVersion = 15.0.27428.2043
MinimumVisualStudioVersion = 10.0.40219.1
Project("{9A19103F-16F7-4668-BE54-9A1E7A4F7556}") = "01. Choose a Drink", "Conditional Statements and Loops Exercises\01. Choose a Drink.csproj", "{72D093F4-BCDA-4B9B-ACFC-D7F95EA03EA8}"
EndProject
Project("{9A19103F-16F7-4668-BE54-9A1E7A4F7556}") = "02. Choose a Drink 2.0", "02. Choose a Drink 2.0\02. Choose a Drink 2.0.csproj", "{F3DF400D-E434-465A-90A6-99B299C7C3CC}"
EndProject
Project("{9A19103F-16F7-4668-BE54-9A1E7A4F7556}") = "03. Restaurant Discount", "03. Restaurant Discount\03. Restaurant Discount.csproj", "{E90E7BF6-49CF-45D8-AC37-19C08F49665F}"
EndProject
Project("{9A19103F-16F7-4668-BE54-9A1E7A4F7556}") = "04.Hotel", "04.Hotel\04.Hotel.csproj", "{2E728E7B-ABF3-4E97-8407-828E84480970}"
EndProject
Project("{9A19103F-16F7-4668-BE54-9A1E7A4F7556}") = "05.Word in Plural", "05.Word in Plural\05.Word in Plural.csproj", "{A7A48D15-594D-4C3F-8301-85E9B8E04A79}"
EndProject
Project("{9A19103F-16F7-4668-BE54-9A1E7A4F7556}") = "06.Interval of Numbers", "06.Interval of Numbers\06.Interval of Numbers.csproj", "{B97EE517-C76D-434C-A606-99C4EC7A8961}"
EndProject
Project("{9A19103F-16F7-4668-BE54-9A1E7A4F7556}") = "07. Cake Ingredients", "07. Cake Ingredients\07. Cake Ingredients.csproj", "{553DBC19-88C2-4ACE-8D85-A4B596AE2540}"
EndProject
Project("{9A19103F-16F7-4668-BE54-9A1E7A4F7556}") = "08. Calories Counter", "08. Calories Counter\08. Calories Counter.csproj", "{227EB481-79D6-4165-AAC3-9E190552DBA5}"
EndProject
Project("{9A19103F-16F7-4668-BE54-9A1E7A4F7556}") = "09. Count the Integers", "09. Count the Integers\09. Count the Integers.csproj", "{2EF1635F-A7AD-4A87-8766-E38F44133CB8}"
EndProject
Project("{9A19103F-16F7-4668-BE54-9A1E7A4F7556}") = "10. Triangle of Numbers", "10. Triangle of Numbers\10. Triangle of Numbers.csproj", "{403C50A3-DF52-4D0A-B4AF-A86CE3A1B57F}"
EndProject
Project("{9A19103F-16F7-4668-BE54-9A1E7A4F7556}") = "11. 5 Different Numbers", "11. 5 Different Numbers\11. 5 Different Numbers.csproj", "{F9C4A4EE-9614-49D2-AAE2-CE2716FDF2E6}"
EndProject
Project("{9A19103F-16F7-4668-BE54-9A1E7A4F7556}") = "12. Test Numbers", "12. Test Numbers\12. Test Numbers.csproj", "{048844A0-996A-4B5C-98E7-532FDA8A2370}"
EndProject
Project("{FAE04EC0-301F-11D3-BF4B-00C04F79EFBC}") = "13.Game of Numbers", "13.Game of Numbers\13.Game of Numbers.csproj", "{7F1EA356-77AA-4525-9659-ED515DA95C45}"
EndProject
Project("{FAE04EC0-301F-11D3-BF4B-00C04F79EFBC}") = "14.Magic Letter", "14.Magic Letter\14.Magic Letter.csproj", "{6D7ED342-7D5B-44BC-9A55-B685EF1CD12C}"
EndProject
Project("{FAE04EC0-301F-11D3-BF4B-00C04F79EFBC}") = "15. Neighbour Wars", "15. Neighbour Wars\15. Neighbour Wars.csproj", "{7CA6E9ED-FACF-4C87-A938-0663980F0932}"
EndProject
Global
	GlobalSection(SolutionConfigurationPlatforms) = preSolution
		Debug|Any CPU = Debug|Any CPU
		Release|Any CPU = Release|Any CPU
	EndGlobalSection
	GlobalSection(ProjectConfigurationPlatforms) = postSolution
		{72D093F4-BCDA-4B9B-ACFC-D7F95EA03EA8}.Debug|Any CPU.ActiveCfg = Debug|Any CPU
		{72D093F4-BCDA-4B9B-ACFC-D7F95EA03EA8}.Debug|Any CPU.Build.0 = Debug|Any CPU
		{72D093F4-BCDA-4B9B-ACFC-D7F95EA03EA8}.Release|Any CPU.ActiveCfg = Release|Any CPU
		{72D093F4-BCDA-4B9B-ACFC-D7F95EA03EA8}.Release|Any CPU.Build.0 = Release|Any CPU
		{F3DF400D-E434-465A-90A6-99B299C7C3CC}.Debug|Any CPU.ActiveCfg = Debug|Any CPU
		{F3DF400D-E434-465A-90A6-99B299C7C3CC}.Debug|Any CPU.Build.0 = Debug|Any CPU
		{F3DF400D-E434-465A-90A6-99B299C7C3CC}.Release|Any CPU.ActiveCfg = Release|Any CPU
		{F3DF400D-E434-465A-90A6-99B299C7C3CC}.Release|Any CPU.Build.0 = Release|Any CPU
		{E90E7BF6-49CF-45D8-AC37-19C08F49665F}.Debug|Any CPU.ActiveCfg = Debug|Any CPU
		{E90E7BF6-49CF-45D8-AC37-19C08F49665F}.Debug|Any CPU.Build.0 = Debug|Any CPU
		{E90E7BF6-49CF-45D8-AC37-19C08F49665F}.Release|Any CPU.ActiveCfg = Release|Any CPU
		{E90E7BF6-49CF-45D8-AC37-19C08F49665F}.Release|Any CPU.Build.0 = Release|Any CPU
		{2E728E7B-ABF3-4E97-8407-828E84480970}.Debug|Any CPU.ActiveCfg = Debug|Any CPU
		{2E728E7B-ABF3-4E97-8407-828E84480970}.Debug|Any CPU.Build.0 = Debug|Any CPU
		{2E728E7B-ABF3-4E97-8407-828E84480970}.Release|Any CPU.ActiveCfg = Release|Any CPU
		{2E728E7B-ABF3-4E97-8407-828E84480970}.Release|Any CPU.Build.0 = Release|Any CPU
		{A7A48D15-594D-4C3F-8301-85E9B8E04A79}.Debug|Any CPU.ActiveCfg = Debug|Any CPU
		{A7A48D15-594D-4C3F-8301-85E9B8E04A79}.Debug|Any CPU.Build.0 = Debug|Any CPU
		{A7A48D15-594D-4C3F-8301-85E9B8E04A79}.Release|Any CPU.ActiveCfg = Release|Any CPU
		{A7A48D15-594D-4C3F-8301-85E9B8E04A79}.Release|Any CPU.Build.0 = Release|Any CPU
		{B97EE517-C76D-434C-A606-99C4EC7A8961}.Debug|Any CPU.ActiveCfg = Debug|Any CPU
		{B97EE517-C76D-434C-A606-99C4EC7A8961}.Debug|Any CPU.Build.0 = Debug|Any CPU
		{B97EE517-C76D-434C-A606-99C4EC7A8961}.Release|Any CPU.ActiveCfg = Release|Any CPU
		{B97EE517-C76D-434C-A606-99C4EC7A8961}.Release|Any CPU.Build.0 = Release|Any CPU
		{553DBC19-88C2-4ACE-8D85-A4B596AE2540}.Debug|Any CPU.ActiveCfg = Debug|Any CPU
		{553DBC19-88C2-4ACE-8D85-A4B596AE2540}.Debug|Any CPU.Build.0 = Debug|Any CPU
		{553DBC19-88C2-4ACE-8D85-A4B596AE2540}.Release|Any CPU.ActiveCfg = Release|Any CPU
		{553DBC19-88C2-4ACE-8D85-A4B596AE2540}.Release|Any CPU.Build.0 = Release|Any CPU
		{227EB481-79D6-4165-AAC3-9E190552DBA5}.Debug|Any CPU.ActiveCfg = Debug|Any CPU
		{227EB481-79D6-4165-AAC3-9E190552DBA5}.Debug|Any CPU.Build.0 = Debug|Any CPU
		{227EB481-79D6-4165-AAC3-9E190552DBA5}.Release|Any CPU.ActiveCfg = Release|Any CPU
		{227EB481-79D6-4165-AAC3-9E190552DBA5}.Release|Any CPU.Build.0 = Release|Any CPU
		{2EF1635F-A7AD-4A87-8766-E38F44133CB8}.Debug|Any CPU.ActiveCfg = Debug|Any CPU
		{2EF1635F-A7AD-4A87-8766-E38F44133CB8}.Debug|Any CPU.Build.0 = Debug|Any CPU
		{2EF1635F-A7AD-4A87-8766-E38F44133CB8}.Release|Any CPU.ActiveCfg = Release|Any CPU
		{2EF1635F-A7AD-4A87-8766-E38F44133CB8}.Release|Any CPU.Build.0 = Release|Any CPU
		{403C50A3-DF52-4D0A-B4AF-A86CE3A1B57F}.Debug|Any CPU.ActiveCfg = Debug|Any CPU
		{403C50A3-DF52-4D0A-B4AF-A86CE3A1B57F}.Debug|Any CPU.Build.0 = Debug|Any CPU
		{403C50A3-DF52-4D0A-B4AF-A86CE3A1B57F}.Release|Any CPU.ActiveCfg = Release|Any CPU
		{403C50A3-DF52-4D0A-B4AF-A86CE3A1B57F}.Release|Any CPU.Build.0 = Release|Any CPU
		{F9C4A4EE-9614-49D2-AAE2-CE2716FDF2E6}.Debug|Any CPU.ActiveCfg = Debug|Any CPU
		{F9C4A4EE-9614-49D2-AAE2-CE2716FDF2E6}.Debug|Any CPU.Build.0 = Debug|Any CPU
		{F9C4A4EE-9614-49D2-AAE2-CE2716FDF2E6}.Release|Any CPU.ActiveCfg = Release|Any CPU
		{F9C4A4EE-9614-49D2-AAE2-CE2716FDF2E6}.Release|Any CPU.Build.0 = Release|Any CPU
		{048844A0-996A-4B5C-98E7-532FDA8A2370}.Debug|Any CPU.ActiveCfg = Debug|Any CPU
		{048844A0-996A-4B5C-98E7-532FDA8A2370}.Debug|Any CPU.Build.0 = Debug|Any CPU
		{048844A0-996A-4B5C-98E7-532FDA8A2370}.Release|Any CPU.ActiveCfg = Release|Any CPU
		{048844A0-996A-4B5C-98E7-532FDA8A2370}.Release|Any CPU.Build.0 = Release|Any CPU
		{7F1EA356-77AA-4525-9659-ED515DA95C45}.Debug|Any CPU.ActiveCfg = Debug|Any CPU
		{7F1EA356-77AA-4525-9659-ED515DA95C45}.Debug|Any CPU.Build.0 = Debug|Any CPU
		{7F1EA356-77AA-4525-9659-ED515DA95C45}.Release|Any CPU.ActiveCfg = Release|Any CPU
		{7F1EA356-77AA-4525-9659-ED515DA95C45}.Release|Any CPU.Build.0 = Release|Any CPU
		{6D7ED342-7D5B-44BC-9A55-B685EF1CD12C}.Debug|Any CPU.ActiveCfg = Debug|Any CPU
		{6D7ED342-7D5B-44BC-9A55-B685EF1CD12C}.Debug|Any CPU.Build.0 = Debug|Any CPU
		{6D7ED342-7D5B-44BC-9A55-B685EF1CD12C}.Release|Any CPU.ActiveCfg = Release|Any CPU
		{6D7ED342-7D5B-44BC-9A55-B685EF1CD12C}.Release|Any CPU.Build.0 = Release|Any CPU
		{7CA6E9ED-FACF-4C87-A938-0663980F0932}.Debug|Any CPU.ActiveCfg = Debug|Any CPU
		{7CA6E9ED-FACF-4C87-A938-0663980F0932}.Debug|Any CPU.Build.0 = Debug|Any CPU
		{7CA6E9ED-FACF-4C87-A938-0663980F0932}.Release|Any CPU.ActiveCfg = Release|Any CPU
		{7CA6E9ED-FACF-4C87-A938-0663980F0932}.Release|Any CPU.Build.0 = Release|Any CPU
	EndGlobalSection
	GlobalSection(SolutionProperties) = preSolution
		HideSolutionNode = FALSE
	EndGlobalSection
	GlobalSection(ExtensibilityGlobals) = postSolution
		SolutionGuid = {905F0D1D-7490-438F-891F-234061857B22}
	EndGlobalSection
EndGlobal
