
Microsoft Visual Studio Solution File, Format Version 12.00
# Visual Studio 15
VisualStudioVersion = 15.0.27428.2043
MinimumVisualStudioVersion = 10.0.40219.1
Project("{9A19103F-16F7-4668-BE54-9A1E7A4F7556}") = "01. Reverse String", "01. Reverse String\01. Reverse String.csproj", "{5B440DE1-DC6E-47FF-A253-1D82A924DBC8}"
EndProject
Project("{FAE04EC0-301F-11D3-BF4B-00C04F79EFBC}") = "02. Count Substring Occurrences", "02. Count Substring Occurrences\02. Count Substring Occurrences.csproj", "{93011BAC-5BF0-4D1C-8151-309904E30D5F}"
EndProject
Project("{FAE04EC0-301F-11D3-BF4B-00C04F79EFBC}") = "03. Text Filter", "03. Text Filter\03. Text Filter.csproj", "{43343CF9-0924-4003-84AE-E08291A1A34C}"
EndProject
Project("{FAE04EC0-301F-11D3-BF4B-00C04F79EFBC}") = "04. Palindromes", "04. Palindromes\04. Palindromes.csproj", "{3C32A57F-477A-4853-84EA-447632FB6B01}"
EndProject
Project("{FAE04EC0-301F-11D3-BF4B-00C04F79EFBC}") = "Test Me", "Test Me\Test Me.csproj", "{DF4539B2-E413-4A92-B379-40BFBEAD99A8}"
EndProject
Global
	GlobalSection(SolutionConfigurationPlatforms) = preSolution
		Debug|Any CPU = Debug|Any CPU
		Release|Any CPU = Release|Any CPU
	EndGlobalSection
	GlobalSection(ProjectConfigurationPlatforms) = postSolution
		{5B440DE1-DC6E-47FF-A253-1D82A924DBC8}.Debug|Any CPU.ActiveCfg = Debug|Any CPU
		{5B440DE1-DC6E-47FF-A253-1D82A924DBC8}.Debug|Any CPU.Build.0 = Debug|Any CPU
		{5B440DE1-DC6E-47FF-A253-1D82A924DBC8}.Release|Any CPU.ActiveCfg = Release|Any CPU
		{5B440DE1-DC6E-47FF-A253-1D82A924DBC8}.Release|Any CPU.Build.0 = Release|Any CPU
		{93011BAC-5BF0-4D1C-8151-309904E30D5F}.Debug|Any CPU.ActiveCfg = Debug|Any CPU
		{93011BAC-5BF0-4D1C-8151-309904E30D5F}.Debug|Any CPU.Build.0 = Debug|Any CPU
		{93011BAC-5BF0-4D1C-8151-309904E30D5F}.Release|Any CPU.ActiveCfg = Release|Any CPU
		{93011BAC-5BF0-4D1C-8151-309904E30D5F}.Release|Any CPU.Build.0 = Release|Any CPU
		{43343CF9-0924-4003-84AE-E08291A1A34C}.Debug|Any CPU.ActiveCfg = Debug|Any CPU
		{43343CF9-0924-4003-84AE-E08291A1A34C}.Debug|Any CPU.Build.0 = Debug|Any CPU
		{43343CF9-0924-4003-84AE-E08291A1A34C}.Release|Any CPU.ActiveCfg = Release|Any CPU
		{43343CF9-0924-4003-84AE-E08291A1A34C}.Release|Any CPU.Build.0 = Release|Any CPU
		{3C32A57F-477A-4853-84EA-447632FB6B01}.Debug|Any CPU.ActiveCfg = Debug|Any CPU
		{3C32A57F-477A-4853-84EA-447632FB6B01}.Debug|Any CPU.Build.0 = Debug|Any CPU
		{3C32A57F-477A-4853-84EA-447632FB6B01}.Release|Any CPU.ActiveCfg = Release|Any CPU
		{3C32A57F-477A-4853-84EA-447632FB6B01}.Release|Any CPU.Build.0 = Release|Any CPU
		{DF4539B2-E413-4A92-B379-40BFBEAD99A8}.Debug|Any CPU.ActiveCfg = Debug|Any CPU
		{DF4539B2-E413-4A92-B379-40BFBEAD99A8}.Debug|Any CPU.Build.0 = Debug|Any CPU
		{DF4539B2-E413-4A92-B379-40BFBEAD99A8}.Release|Any CPU.ActiveCfg = Release|Any CPU
		{DF4539B2-E413-4A92-B379-40BFBEAD99A8}.Release|Any CPU.Build.0 = Release|Any CPU
	EndGlobalSection
	GlobalSection(SolutionProperties) = preSolution
		HideSolutionNode = FALSE
	EndGlobalSection
	GlobalSection(ExtensibilityGlobals) = postSolution
		SolutionGuid = {064A4FC5-1928-4B0E-AE4B-379FC5C65B3D}
	EndGlobalSection
EndGlobal
