
Microsoft Visual Studio Solution File, Format Version 12.00
# Visual Studio 15
VisualStudioVersion = 15.0.27428.2043
MinimumVisualStudioVersion = 10.0.40219.1
Project("{9A19103F-16F7-4668-BE54-9A1E7A4F7556}") = "01. Order by Age", "01. Order by Age\01. Order by Age.csproj", "{28B9ADE9-9DC9-41F6-91C8-7A89BCF28819}"
EndProject
Project("{9A19103F-16F7-4668-BE54-9A1E7A4F7556}") = "02. Vehicle Catalogue", "02. Vehicle Catalogue\02. Vehicle Catalogue.csproj", "{7A4328E4-680A-48C7-AB7D-7B6AFB76FCA3}"
EndProject
Project("{FAE04EC0-301F-11D3-BF4B-00C04F79EFBC}") = "Test", "Test\Test.csproj", "{8AF5EB33-940F-4E81-B3FE-B0265FE788D8}"
EndProject
Global
	GlobalSection(SolutionConfigurationPlatforms) = preSolution
		Debug|Any CPU = Debug|Any CPU
		Release|Any CPU = Release|Any CPU
	EndGlobalSection
	GlobalSection(ProjectConfigurationPlatforms) = postSolution
		{28B9ADE9-9DC9-41F6-91C8-7A89BCF28819}.Debug|Any CPU.ActiveCfg = Debug|Any CPU
		{28B9ADE9-9DC9-41F6-91C8-7A89BCF28819}.Debug|Any CPU.Build.0 = Debug|Any CPU
		{28B9ADE9-9DC9-41F6-91C8-7A89BCF28819}.Release|Any CPU.ActiveCfg = Release|Any CPU
		{28B9ADE9-9DC9-41F6-91C8-7A89BCF28819}.Release|Any CPU.Build.0 = Release|Any CPU
		{7A4328E4-680A-48C7-AB7D-7B6AFB76FCA3}.Debug|Any CPU.ActiveCfg = Debug|Any CPU
		{7A4328E4-680A-48C7-AB7D-7B6AFB76FCA3}.Debug|Any CPU.Build.0 = Debug|Any CPU
		{7A4328E4-680A-48C7-AB7D-7B6AFB76FCA3}.Release|Any CPU.ActiveCfg = Release|Any CPU
		{7A4328E4-680A-48C7-AB7D-7B6AFB76FCA3}.Release|Any CPU.Build.0 = Release|Any CPU
		{8AF5EB33-940F-4E81-B3FE-B0265FE788D8}.Debug|Any CPU.ActiveCfg = Debug|Any CPU
		{8AF5EB33-940F-4E81-B3FE-B0265FE788D8}.Debug|Any CPU.Build.0 = Debug|Any CPU
		{8AF5EB33-940F-4E81-B3FE-B0265FE788D8}.Release|Any CPU.ActiveCfg = Release|Any CPU
		{8AF5EB33-940F-4E81-B3FE-B0265FE788D8}.Release|Any CPU.Build.0 = Release|Any CPU
	EndGlobalSection
	GlobalSection(SolutionProperties) = preSolution
		HideSolutionNode = FALSE
	EndGlobalSection
	GlobalSection(ExtensibilityGlobals) = postSolution
		SolutionGuid = {60542458-297A-4EB9-AB38-7A5443C6D69E}
	EndGlobalSection
EndGlobal
