
Microsoft Visual Studio Solution File, Format Version 12.00
# Visual Studio 15
VisualStudioVersion = 15.0.27428.2043
MinimumVisualStudioVersion = 10.0.40219.1
Project("{FAE04EC0-301F-11D3-BF4B-00C04F79EFBC}") = "01. Debit Card Number", "Intro and Syntax Exercises\01. Debit Card Number.csproj", "{28376E70-3636-4892-B9B9-2897574E7CB9}"
EndProject
Project("{FAE04EC0-301F-11D3-BF4B-00C04F79EFBC}") = "02. Rectangle Area", "02. Rectangle Area\02. Rectangle Area.csproj", "{E8C40571-2D95-4A51-884A-33B33821AEA0}"
EndProject
Project("{FAE04EC0-301F-11D3-BF4B-00C04F79EFBC}") = "03. Miles to Kilometerss", "03. Miles to Kilometerss\03. Miles to Kilometerss.csproj", "{5ABD5A33-AF9F-4315-BF3F-0239383F2AFE}"
EndProject
Project("{FAE04EC0-301F-11D3-BF4B-00C04F79EFBC}") = "04. Beverage Labels", "04. Beverage Labels\04. Beverage Labels.csproj", "{FFA77407-C03B-48AD-AE73-BC614AE0240C}"
EndProject
Project("{FAE04EC0-301F-11D3-BF4B-00C04F79EFBC}") = "05. Character Stats", "05. Character Stats\05. Character Stats.csproj", "{18FC8A85-0B60-4713-B023-EDF508266233}"
EndProject
Global
	GlobalSection(SolutionConfigurationPlatforms) = preSolution
		Debug|Any CPU = Debug|Any CPU
		Release|Any CPU = Release|Any CPU
	EndGlobalSection
	GlobalSection(ProjectConfigurationPlatforms) = postSolution
		{28376E70-3636-4892-B9B9-2897574E7CB9}.Debug|Any CPU.ActiveCfg = Debug|Any CPU
		{28376E70-3636-4892-B9B9-2897574E7CB9}.Debug|Any CPU.Build.0 = Debug|Any CPU
		{28376E70-3636-4892-B9B9-2897574E7CB9}.Release|Any CPU.ActiveCfg = Release|Any CPU
		{28376E70-3636-4892-B9B9-2897574E7CB9}.Release|Any CPU.Build.0 = Release|Any CPU
		{E8C40571-2D95-4A51-884A-33B33821AEA0}.Debug|Any CPU.ActiveCfg = Debug|Any CPU
		{E8C40571-2D95-4A51-884A-33B33821AEA0}.Debug|Any CPU.Build.0 = Debug|Any CPU
		{E8C40571-2D95-4A51-884A-33B33821AEA0}.Release|Any CPU.ActiveCfg = Release|Any CPU
		{E8C40571-2D95-4A51-884A-33B33821AEA0}.Release|Any CPU.Build.0 = Release|Any CPU
		{5ABD5A33-AF9F-4315-BF3F-0239383F2AFE}.Debug|Any CPU.ActiveCfg = Debug|Any CPU
		{5ABD5A33-AF9F-4315-BF3F-0239383F2AFE}.Debug|Any CPU.Build.0 = Debug|Any CPU
		{5ABD5A33-AF9F-4315-BF3F-0239383F2AFE}.Release|Any CPU.ActiveCfg = Release|Any CPU
		{5ABD5A33-AF9F-4315-BF3F-0239383F2AFE}.Release|Any CPU.Build.0 = Release|Any CPU
		{FFA77407-C03B-48AD-AE73-BC614AE0240C}.Debug|Any CPU.ActiveCfg = Debug|Any CPU
		{FFA77407-C03B-48AD-AE73-BC614AE0240C}.Debug|Any CPU.Build.0 = Debug|Any CPU
		{FFA77407-C03B-48AD-AE73-BC614AE0240C}.Release|Any CPU.ActiveCfg = Release|Any CPU
		{FFA77407-C03B-48AD-AE73-BC614AE0240C}.Release|Any CPU.Build.0 = Release|Any CPU
		{18FC8A85-0B60-4713-B023-EDF508266233}.Debug|Any CPU.ActiveCfg = Debug|Any CPU
		{18FC8A85-0B60-4713-B023-EDF508266233}.Debug|Any CPU.Build.0 = Debug|Any CPU
		{18FC8A85-0B60-4713-B023-EDF508266233}.Release|Any CPU.ActiveCfg = Release|Any CPU
		{18FC8A85-0B60-4713-B023-EDF508266233}.Release|Any CPU.Build.0 = Release|Any CPU
	EndGlobalSection
	GlobalSection(SolutionProperties) = preSolution
		HideSolutionNode = FALSE
	EndGlobalSection
	GlobalSection(ExtensibilityGlobals) = postSolution
		SolutionGuid = {E69751C4-8169-40E7-9DD9-0B7550EAC442}
	EndGlobalSection
EndGlobal
